
Microsoft Visual Studio Solution File, Format Version 12.00
# Visual Studio Version 17
VisualStudioVersion = 17.9.34902.65
MinimumVisualStudioVersion = 10.0.40219.1
Project("{9A19103F-16F7-4668-BE54-9A1E7A4F7556}") = "CholitosGymWebApi", "AppFullWebAPI\CholitosGymWebApi.csproj", "{C83B8ACA-854E-4DF8-93EC-E1848D65EBF5}"
EndProject
Global
	GlobalSection(SolutionConfigurationPlatforms) = preSolution
		Debug|Any CPU = Debug|Any CPU
		Release|Any CPU = Release|Any CPU
	EndGlobalSection
	GlobalSection(ProjectConfigurationPlatforms) = postSolution
		{C83B8ACA-854E-4DF8-93EC-E1848D65EBF5}.Debug|Any CPU.ActiveCfg = Debug|Any CPU
		{C83B8ACA-854E-4DF8-93EC-E1848D65EBF5}.Debug|Any CPU.Build.0 = Debug|Any CPU
		{C83B8ACA-854E-4DF8-93EC-E1848D65EBF5}.Release|Any CPU.ActiveCfg = Release|Any CPU
		{C83B8ACA-854E-4DF8-93EC-E1848D65EBF5}.Release|Any CPU.Build.0 = Release|Any CPU
	EndGlobalSection
	GlobalSection(SolutionProperties) = preSolution
		HideSolutionNode = FALSE
	EndGlobalSection
	GlobalSection(ExtensibilityGlobals) = postSolution
		SolutionGuid = {0CB87588-6735-4E20-8988-B114AE7B2217}
	EndGlobalSection
EndGlobal
